
Microsoft Visual Studio Solution File, Format Version 12.00
# Visual Studio 2015
Project("{FAE04EC0-301F-11D3-BF4B-00C04F79EFBC}") = "PixelMaze", "PixelMaze.csproj", "{8BEC827A-6EC4-8E81-E03C-FC64E004AE5F}"
EndProject
Project("{FAE04EC0-301F-11D3-BF4B-00C04F79EFBC}") = "PixelMaze.Editor", "PixelMaze.Editor.csproj", "{0DCF658E-A852-9DE7-C14F-63571ACCCC14}"
EndProject
Global
	GlobalSection(SolutionConfigurationPlatforms) = preSolution
		Debug|Any CPU = Debug|Any CPU
		Release|Any CPU = Release|Any CPU
	EndGlobalSection
	GlobalSection(ProjectConfigurationPlatforms) = postSolution
		{8BEC827A-6EC4-8E81-E03C-FC64E004AE5F}.Debug|Any CPU.ActiveCfg = Debug|Any CPU
		{8BEC827A-6EC4-8E81-E03C-FC64E004AE5F}.Debug|Any CPU.Build.0 = Debug|Any CPU
		{8BEC827A-6EC4-8E81-E03C-FC64E004AE5F}.Release|Any CPU.ActiveCfg = Release|Any CPU
		{8BEC827A-6EC4-8E81-E03C-FC64E004AE5F}.Release|Any CPU.Build.0 = Release|Any CPU
		{0DCF658E-A852-9DE7-C14F-63571ACCCC14}.Debug|Any CPU.ActiveCfg = Debug|Any CPU
		{0DCF658E-A852-9DE7-C14F-63571ACCCC14}.Debug|Any CPU.Build.0 = Debug|Any CPU
		{0DCF658E-A852-9DE7-C14F-63571ACCCC14}.Release|Any CPU.ActiveCfg = Release|Any CPU
		{0DCF658E-A852-9DE7-C14F-63571ACCCC14}.Release|Any CPU.Build.0 = Release|Any CPU
	EndGlobalSection
	GlobalSection(SolutionProperties) = preSolution
		HideSolutionNode = FALSE
	EndGlobalSection
EndGlobal
